
Microsoft Visual Studio Solution File, Format Version 12.00
# Visual Studio Version 17
VisualStudioVersion = 17.13.35919.96 d17.13
MinimumVisualStudioVersion = 10.0.40219.1
Project("{FAE04EC0-301F-11D3-BF4B-00C04F79EFBC}") = "AshasPieShopHRM", "AshasPieShopHRM\AshasPieShopHRM.csproj", "{C565955B-9452-4323-8D7A-60B6A612FB69}"
EndProject
Project("{FAE04EC0-301F-11D3-BF4B-00C04F79EFBC}") = "AshasPieShopHRM.Shared", "AshasPieShopHRM.Shared\AshasPieShopHRM.Shared.csproj", "{90750495-EA5F-41D5-A562-5DB7156B45D6}"
EndProject
Global
	GlobalSection(SolutionConfigurationPlatforms) = preSolution
		Debug|Any CPU = Debug|Any CPU
		Release|Any CPU = Release|Any CPU
	EndGlobalSection
	GlobalSection(ProjectConfigurationPlatforms) = postSolution
		{C565955B-9452-4323-8D7A-60B6A612FB69}.Debug|Any CPU.ActiveCfg = Debug|Any CPU
		{C565955B-9452-4323-8D7A-60B6A612FB69}.Debug|Any CPU.Build.0 = Debug|Any CPU
		{C565955B-9452-4323-8D7A-60B6A612FB69}.Release|Any CPU.ActiveCfg = Release|Any CPU
		{C565955B-9452-4323-8D7A-60B6A612FB69}.Release|Any CPU.Build.0 = Release|Any CPU
		{90750495-EA5F-41D5-A562-5DB7156B45D6}.Debug|Any CPU.ActiveCfg = Debug|Any CPU
		{90750495-EA5F-41D5-A562-5DB7156B45D6}.Debug|Any CPU.Build.0 = Debug|Any CPU
		{90750495-EA5F-41D5-A562-5DB7156B45D6}.Release|Any CPU.ActiveCfg = Release|Any CPU
		{90750495-EA5F-41D5-A562-5DB7156B45D6}.Release|Any CPU.Build.0 = Release|Any CPU
	EndGlobalSection
	GlobalSection(SolutionProperties) = preSolution
		HideSolutionNode = FALSE
	EndGlobalSection
	GlobalSection(ExtensibilityGlobals) = postSolution
		SolutionGuid = {02B42E67-A18D-4B00-ACFA-F6DFBD179458}
	EndGlobalSection
EndGlobal
